
Microsoft Visual Studio Solution File, Format Version 12.00
# Visual Studio Version 17
VisualStudioVersion = 17.14.36518.9
MinimumVisualStudioVersion = 10.0.40219.1
Project("{8BC9CEB8-8B4A-11D0-8D11-00A0C91BC942}") = "0-0_Meeting", "0-0_Meeting\0-0_Meeting.vcxproj", "{D5016FF9-FD7A-4C36-B578-C8FC08569556}"
EndProject
Project("{8BC9CEB8-8B4A-11D0-8D11-00A0C91BC942}") = "0-2_Math_expr", "0-2_Math_expr\0-2_Math_expr.vcxproj", "{9C271F8C-0C46-4933-B867-977CBD54EDCF}"
EndProject
Project("{8BC9CEB8-8B4A-11D0-8D11-00A0C91BC942}") = "0-3_Ternary_op", "0-3_Ternary_op\0-3_Ternary_op.vcxproj", "{5D63678C-BB23-4E29-B912-6F67CC3C5987}"
EndProject
Project("{8BC9CEB8-8B4A-11D0-8D11-00A0C91BC942}") = "0-6_Text_files", "0-6_Text_files\0-6_Text_files.vcxproj", "{55FC702C-08BB-456B-A5D2-1E90C8609F3B}"
EndProject
Project("{8BC9CEB8-8B4A-11D0-8D11-00A0C91BC942}") = "0-4_Сontinuation", "0-4_Сontinuation\0-4_Сontinuation.vcxproj", "{746283B3-FE25-4D46-99B3-9223CCDEF36F}"
EndProject
Project("{8BC9CEB8-8B4A-11D0-8D11-00A0C91BC942}") = "0-5_O(1)", "0-5_O(1)\0-5_O(1).vcxproj", "{AE741950-062C-4B01-BB17-A7F5FEA5DDBA}"
EndProject
Project("{8BC9CEB8-8B4A-11D0-8D11-00A0C91BC942}") = "1.1-Data_types", "1.1-Data_types\1.1-Data_types.vcxproj", "{BA24BFDC-F0C5-476B-97D6-82AB1486465C}"
EndProject
Project("{8BC9CEB8-8B4A-11D0-8D11-00A0C91BC942}") = "0-1_Christmas_tree", "0-1_Christmas_tree\0-1_Christmas_tree.vcxproj", "{67A37F42-3EFC-4709-978B-1BB907653554}"
EndProject
Project("{8BC9CEB8-8B4A-11D0-8D11-00A0C91BC942}") = "2.2-Functions", "2.2-Functions\2.2-Functions.vcxproj", "{469C7ECA-97BF-421B-A168-E16C67DFE5CE}"
EndProject
Project("{8BC9CEB8-8B4A-11D0-8D11-00A0C91BC942}") = "3.1-YC-STL", "3.1-YC-STL\3.1-YC-STL.vcxproj", "{9BC59F38-A94A-4AF1-92E5-7F9AADFD39F5}"
EndProject
Project("{8BC9CEB8-8B4A-11D0-8D11-00A0C91BC942}") = "2.3-Перегрузка", "2.3-Перегрузка\2.3-Перегрузка.vcxproj", "{369ACDDB-60EB-4127-A644-CC5EC9D9B329}"
EndProject
Project("{8BC9CEB8-8B4A-11D0-8D11-00A0C91BC942}") = "4.1_Миникласс", "4.1_Миникласс\4.1_Миникласс.vcxproj", "{42813E75-77A4-4C6E-BDC9-4E4578EF378F}"
EndProject
Project("{8BC9CEB8-8B4A-11D0-8D11-00A0C91BC942}") = "3.2-YC-STD_Func", "3.2-YC-STD_Func\3.2-YC-STD_Func.vcxproj", "{3FB8A9C2-9D9D-4A8B-AEF0-4170AF73B093}"
EndProject
Project("{8BC9CEB8-8B4A-11D0-8D11-00A0C91BC942}") = "3.3-Points", "3.3-Points\3.3-Points.vcxproj", "{5F6AD64A-A7E7-4C3B-9621-6CAC1C37F6FB}"
EndProject
Project("{8BC9CEB8-8B4A-11D0-8D11-00A0C91BC942}") = "4.2-Класс", "4.2-Класс\4.2-Класс.vcxproj", "{E49F7CF0-87FC-496A-999B-3A96848F4A03}"
EndProject
Project("{8BC9CEB8-8B4A-11D0-8D11-00A0C91BC942}") = "4.3-Наследование", "4.3-Наследование\4.3-Наследование.vcxproj", "{42C4F9E7-38DE-4362-BDA5-90324C8886FC}"
EndProject
Global
	GlobalSection(SolutionConfigurationPlatforms) = preSolution
		Debug|x64 = Debug|x64
		Debug|x86 = Debug|x86
		Release|x64 = Release|x64
		Release|x86 = Release|x86
	EndGlobalSection
	GlobalSection(ProjectConfigurationPlatforms) = postSolution
		{D5016FF9-FD7A-4C36-B578-C8FC08569556}.Debug|x64.ActiveCfg = Debug|x64
		{D5016FF9-FD7A-4C36-B578-C8FC08569556}.Debug|x64.Build.0 = Debug|x64
		{D5016FF9-FD7A-4C36-B578-C8FC08569556}.Debug|x86.ActiveCfg = Debug|Win32
		{D5016FF9-FD7A-4C36-B578-C8FC08569556}.Debug|x86.Build.0 = Debug|Win32
		{D5016FF9-FD7A-4C36-B578-C8FC08569556}.Release|x64.ActiveCfg = Release|x64
		{D5016FF9-FD7A-4C36-B578-C8FC08569556}.Release|x64.Build.0 = Release|x64
		{D5016FF9-FD7A-4C36-B578-C8FC08569556}.Release|x86.ActiveCfg = Release|Win32
		{D5016FF9-FD7A-4C36-B578-C8FC08569556}.Release|x86.Build.0 = Release|Win32
		{9C271F8C-0C46-4933-B867-977CBD54EDCF}.Debug|x64.ActiveCfg = Debug|x64
		{9C271F8C-0C46-4933-B867-977CBD54EDCF}.Debug|x64.Build.0 = Debug|x64
		{9C271F8C-0C46-4933-B867-977CBD54EDCF}.Debug|x86.ActiveCfg = Debug|Win32
		{9C271F8C-0C46-4933-B867-977CBD54EDCF}.Debug|x86.Build.0 = Debug|Win32
		{9C271F8C-0C46-4933-B867-977CBD54EDCF}.Release|x64.ActiveCfg = Release|x64
		{9C271F8C-0C46-4933-B867-977CBD54EDCF}.Release|x64.Build.0 = Release|x64
		{9C271F8C-0C46-4933-B867-977CBD54EDCF}.Release|x86.ActiveCfg = Release|Win32
		{9C271F8C-0C46-4933-B867-977CBD54EDCF}.Release|x86.Build.0 = Release|Win32
		{5D63678C-BB23-4E29-B912-6F67CC3C5987}.Debug|x64.ActiveCfg = Debug|x64
		{5D63678C-BB23-4E29-B912-6F67CC3C5987}.Debug|x64.Build.0 = Debug|x64
		{5D63678C-BB23-4E29-B912-6F67CC3C5987}.Debug|x86.ActiveCfg = Debug|Win32
		{5D63678C-BB23-4E29-B912-6F67CC3C5987}.Debug|x86.Build.0 = Debug|Win32
		{5D63678C-BB23-4E29-B912-6F67CC3C5987}.Release|x64.ActiveCfg = Release|x64
		{5D63678C-BB23-4E29-B912-6F67CC3C5987}.Release|x64.Build.0 = Release|x64
		{5D63678C-BB23-4E29-B912-6F67CC3C5987}.Release|x86.ActiveCfg = Release|Win32
		{5D63678C-BB23-4E29-B912-6F67CC3C5987}.Release|x86.Build.0 = Release|Win32
		{55FC702C-08BB-456B-A5D2-1E90C8609F3B}.Debug|x64.ActiveCfg = Debug|x64
		{55FC702C-08BB-456B-A5D2-1E90C8609F3B}.Debug|x64.Build.0 = Debug|x64
		{55FC702C-08BB-456B-A5D2-1E90C8609F3B}.Debug|x86.ActiveCfg = Debug|Win32
		{55FC702C-08BB-456B-A5D2-1E90C8609F3B}.Debug|x86.Build.0 = Debug|Win32
		{55FC702C-08BB-456B-A5D2-1E90C8609F3B}.Release|x64.ActiveCfg = Release|x64
		{55FC702C-08BB-456B-A5D2-1E90C8609F3B}.Release|x64.Build.0 = Release|x64
		{55FC702C-08BB-456B-A5D2-1E90C8609F3B}.Release|x86.ActiveCfg = Release|Win32
		{55FC702C-08BB-456B-A5D2-1E90C8609F3B}.Release|x86.Build.0 = Release|Win32
		{746283B3-FE25-4D46-99B3-9223CCDEF36F}.Debug|x64.ActiveCfg = Debug|x64
		{746283B3-FE25-4D46-99B3-9223CCDEF36F}.Debug|x64.Build.0 = Debug|x64
		{746283B3-FE25-4D46-99B3-9223CCDEF36F}.Debug|x86.ActiveCfg = Debug|Win32
		{746283B3-FE25-4D46-99B3-9223CCDEF36F}.Debug|x86.Build.0 = Debug|Win32
		{746283B3-FE25-4D46-99B3-9223CCDEF36F}.Release|x64.ActiveCfg = Release|x64
		{746283B3-FE25-4D46-99B3-9223CCDEF36F}.Release|x64.Build.0 = Release|x64
		{746283B3-FE25-4D46-99B3-9223CCDEF36F}.Release|x86.ActiveCfg = Release|Win32
		{746283B3-FE25-4D46-99B3-9223CCDEF36F}.Release|x86.Build.0 = Release|Win32
		{AE741950-062C-4B01-BB17-A7F5FEA5DDBA}.Debug|x64.ActiveCfg = Debug|x64
		{AE741950-062C-4B01-BB17-A7F5FEA5DDBA}.Debug|x64.Build.0 = Debug|x64
		{AE741950-062C-4B01-BB17-A7F5FEA5DDBA}.Debug|x86.ActiveCfg = Debug|Win32
		{AE741950-062C-4B01-BB17-A7F5FEA5DDBA}.Debug|x86.Build.0 = Debug|Win32
		{AE741950-062C-4B01-BB17-A7F5FEA5DDBA}.Release|x64.ActiveCfg = Release|x64
		{AE741950-062C-4B01-BB17-A7F5FEA5DDBA}.Release|x64.Build.0 = Release|x64
		{AE741950-062C-4B01-BB17-A7F5FEA5DDBA}.Release|x86.ActiveCfg = Release|Win32
		{AE741950-062C-4B01-BB17-A7F5FEA5DDBA}.Release|x86.Build.0 = Release|Win32
		{BA24BFDC-F0C5-476B-97D6-82AB1486465C}.Debug|x64.ActiveCfg = Debug|x64
		{BA24BFDC-F0C5-476B-97D6-82AB1486465C}.Debug|x64.Build.0 = Debug|x64
		{BA24BFDC-F0C5-476B-97D6-82AB1486465C}.Debug|x86.ActiveCfg = Debug|Win32
		{BA24BFDC-F0C5-476B-97D6-82AB1486465C}.Debug|x86.Build.0 = Debug|Win32
		{BA24BFDC-F0C5-476B-97D6-82AB1486465C}.Release|x64.ActiveCfg = Release|x64
		{BA24BFDC-F0C5-476B-97D6-82AB1486465C}.Release|x64.Build.0 = Release|x64
		{BA24BFDC-F0C5-476B-97D6-82AB1486465C}.Release|x86.ActiveCfg = Release|Win32
		{BA24BFDC-F0C5-476B-97D6-82AB1486465C}.Release|x86.Build.0 = Release|Win32
		{67A37F42-3EFC-4709-978B-1BB907653554}.Debug|x64.ActiveCfg = Debug|x64
		{67A37F42-3EFC-4709-978B-1BB907653554}.Debug|x64.Build.0 = Debug|x64
		{67A37F42-3EFC-4709-978B-1BB907653554}.Debug|x86.ActiveCfg = Debug|Win32
		{67A37F42-3EFC-4709-978B-1BB907653554}.Debug|x86.Build.0 = Debug|Win32
		{67A37F42-3EFC-4709-978B-1BB907653554}.Release|x64.ActiveCfg = Release|x64
		{67A37F42-3EFC-4709-978B-1BB907653554}.Release|x64.Build.0 = Release|x64
		{67A37F42-3EFC-4709-978B-1BB907653554}.Release|x86.ActiveCfg = Release|Win32
		{67A37F42-3EFC-4709-978B-1BB907653554}.Release|x86.Build.0 = Release|Win32
		{469C7ECA-97BF-421B-A168-E16C67DFE5CE}.Debug|x64.ActiveCfg = Debug|x64
		{469C7ECA-97BF-421B-A168-E16C67DFE5CE}.Debug|x64.Build.0 = Debug|x64
		{469C7ECA-97BF-421B-A168-E16C67DFE5CE}.Debug|x86.ActiveCfg = Debug|Win32
		{469C7ECA-97BF-421B-A168-E16C67DFE5CE}.Debug|x86.Build.0 = Debug|Win32
		{469C7ECA-97BF-421B-A168-E16C67DFE5CE}.Release|x64.ActiveCfg = Release|x64
		{469C7ECA-97BF-421B-A168-E16C67DFE5CE}.Release|x64.Build.0 = Release|x64
		{469C7ECA-97BF-421B-A168-E16C67DFE5CE}.Release|x86.ActiveCfg = Release|Win32
		{469C7ECA-97BF-421B-A168-E16C67DFE5CE}.Release|x86.Build.0 = Release|Win32
		{9BC59F38-A94A-4AF1-92E5-7F9AADFD39F5}.Debug|x64.ActiveCfg = Debug|x64
		{9BC59F38-A94A-4AF1-92E5-7F9AADFD39F5}.Debug|x64.Build.0 = Debug|x64
		{9BC59F38-A94A-4AF1-92E5-7F9AADFD39F5}.Debug|x86.ActiveCfg = Debug|Win32
		{9BC59F38-A94A-4AF1-92E5-7F9AADFD39F5}.Debug|x86.Build.0 = Debug|Win32
		{9BC59F38-A94A-4AF1-92E5-7F9AADFD39F5}.Release|x64.ActiveCfg = Release|x64
		{9BC59F38-A94A-4AF1-92E5-7F9AADFD39F5}.Release|x64.Build.0 = Release|x64
		{9BC59F38-A94A-4AF1-92E5-7F9AADFD39F5}.Release|x86.ActiveCfg = Release|Win32
		{9BC59F38-A94A-4AF1-92E5-7F9AADFD39F5}.Release|x86.Build.0 = Release|Win32
		{369ACDDB-60EB-4127-A644-CC5EC9D9B329}.Debug|x64.ActiveCfg = Debug|x64
		{369ACDDB-60EB-4127-A644-CC5EC9D9B329}.Debug|x64.Build.0 = Debug|x64
		{369ACDDB-60EB-4127-A644-CC5EC9D9B329}.Debug|x86.ActiveCfg = Debug|Win32
		{369ACDDB-60EB-4127-A644-CC5EC9D9B329}.Debug|x86.Build.0 = Debug|Win32
		{369ACDDB-60EB-4127-A644-CC5EC9D9B329}.Release|x64.ActiveCfg = Release|x64
		{369ACDDB-60EB-4127-A644-CC5EC9D9B329}.Release|x64.Build.0 = Release|x64
		{369ACDDB-60EB-4127-A644-CC5EC9D9B329}.Release|x86.ActiveCfg = Release|Win32
		{369ACDDB-60EB-4127-A644-CC5EC9D9B329}.Release|x86.Build.0 = Release|Win32
		{42813E75-77A4-4C6E-BDC9-4E4578EF378F}.Debug|x64.ActiveCfg = Debug|x64
		{42813E75-77A4-4C6E-BDC9-4E4578EF378F}.Debug|x64.Build.0 = Debug|x64
		{42813E75-77A4-4C6E-BDC9-4E4578EF378F}.Debug|x86.ActiveCfg = Debug|Win32
		{42813E75-77A4-4C6E-BDC9-4E4578EF378F}.Debug|x86.Build.0 = Debug|Win32
		{42813E75-77A4-4C6E-BDC9-4E4578EF378F}.Release|x64.ActiveCfg = Release|x64
		{42813E75-77A4-4C6E-BDC9-4E4578EF378F}.Release|x64.Build.0 = Release|x64
		{42813E75-77A4-4C6E-BDC9-4E4578EF378F}.Release|x86.ActiveCfg = Release|Win32
		{42813E75-77A4-4C6E-BDC9-4E4578EF378F}.Release|x86.Build.0 = Release|Win32
		{3FB8A9C2-9D9D-4A8B-AEF0-4170AF73B093}.Debug|x64.ActiveCfg = Debug|x64
		{3FB8A9C2-9D9D-4A8B-AEF0-4170AF73B093}.Debug|x64.Build.0 = Debug|x64
		{3FB8A9C2-9D9D-4A8B-AEF0-4170AF73B093}.Debug|x86.ActiveCfg = Debug|Win32
		{3FB8A9C2-9D9D-4A8B-AEF0-4170AF73B093}.Debug|x86.Build.0 = Debug|Win32
		{3FB8A9C2-9D9D-4A8B-AEF0-4170AF73B093}.Release|x64.ActiveCfg = Release|x64
		{3FB8A9C2-9D9D-4A8B-AEF0-4170AF73B093}.Release|x64.Build.0 = Release|x64
		{3FB8A9C2-9D9D-4A8B-AEF0-4170AF73B093}.Release|x86.ActiveCfg = Release|Win32
		{3FB8A9C2-9D9D-4A8B-AEF0-4170AF73B093}.Release|x86.Build.0 = Release|Win32
		{5F6AD64A-A7E7-4C3B-9621-6CAC1C37F6FB}.Debug|x64.ActiveCfg = Debug|x64
		{5F6AD64A-A7E7-4C3B-9621-6CAC1C37F6FB}.Debug|x64.Build.0 = Debug|x64
		{5F6AD64A-A7E7-4C3B-9621-6CAC1C37F6FB}.Debug|x86.ActiveCfg = Debug|Win32
		{5F6AD64A-A7E7-4C3B-9621-6CAC1C37F6FB}.Debug|x86.Build.0 = Debug|Win32
		{5F6AD64A-A7E7-4C3B-9621-6CAC1C37F6FB}.Release|x64.ActiveCfg = Release|x64
		{5F6AD64A-A7E7-4C3B-9621-6CAC1C37F6FB}.Release|x64.Build.0 = Release|x64
		{5F6AD64A-A7E7-4C3B-9621-6CAC1C37F6FB}.Release|x86.ActiveCfg = Release|Win32
		{5F6AD64A-A7E7-4C3B-9621-6CAC1C37F6FB}.Release|x86.Build.0 = Release|Win32
		{E49F7CF0-87FC-496A-999B-3A96848F4A03}.Debug|x64.ActiveCfg = Debug|x64
		{E49F7CF0-87FC-496A-999B-3A96848F4A03}.Debug|x64.Build.0 = Debug|x64
		{E49F7CF0-87FC-496A-999B-3A96848F4A03}.Debug|x86.ActiveCfg = Debug|Win32
		{E49F7CF0-87FC-496A-999B-3A96848F4A03}.Debug|x86.Build.0 = Debug|Win32
		{E49F7CF0-87FC-496A-999B-3A96848F4A03}.Release|x64.ActiveCfg = Release|x64
		{E49F7CF0-87FC-496A-999B-3A96848F4A03}.Release|x64.Build.0 = Release|x64
		{E49F7CF0-87FC-496A-999B-3A96848F4A03}.Release|x86.ActiveCfg = Release|Win32
		{E49F7CF0-87FC-496A-999B-3A96848F4A03}.Release|x86.Build.0 = Release|Win32
		{42C4F9E7-38DE-4362-BDA5-90324C8886FC}.Debug|x64.ActiveCfg = Debug|x64
		{42C4F9E7-38DE-4362-BDA5-90324C8886FC}.Debug|x64.Build.0 = Debug|x64
		{42C4F9E7-38DE-4362-BDA5-90324C8886FC}.Debug|x86.ActiveCfg = Debug|Win32
		{42C4F9E7-38DE-4362-BDA5-90324C8886FC}.Debug|x86.Build.0 = Debug|Win32
		{42C4F9E7-38DE-4362-BDA5-90324C8886FC}.Release|x64.ActiveCfg = Release|x64
		{42C4F9E7-38DE-4362-BDA5-90324C8886FC}.Release|x64.Build.0 = Release|x64
		{42C4F9E7-38DE-4362-BDA5-90324C8886FC}.Release|x86.ActiveCfg = Release|Win32
		{42C4F9E7-38DE-4362-BDA5-90324C8886FC}.Release|x86.Build.0 = Release|Win32
	EndGlobalSection
	GlobalSection(SolutionProperties) = preSolution
		HideSolutionNode = FALSE
	EndGlobalSection
	GlobalSection(ExtensibilityGlobals) = postSolution
		SolutionGuid = {DB6F00A4-1F34-4B4C-A1E8-452895557DBE}
	EndGlobalSection
EndGlobal
