
Microsoft Visual Studio Solution File, Format Version 12.00
# Visual Studio Version 17
VisualStudioVersion = 17.14.36518.9
MinimumVisualStudioVersion = 10.0.40219.1
Project("{8BC9CEB8-8B4A-11D0-8D11-00A0C91BC942}") = "0-0_Meeting", "0-0_Meeting\0-0_Meeting.vcxproj", "{D5016FF9-FD7A-4C36-B578-C8FC08569556}"
EndProject
Project("{8BC9CEB8-8B4A-11D0-8D11-00A0C91BC942}") = "0-2_Math_expr", "0-2_Math_expr\0-2_Math_expr.vcxproj", "{9C271F8C-0C46-4933-B867-977CBD54EDCF}"
EndProject
Project("{8BC9CEB8-8B4A-11D0-8D11-00A0C91BC942}") = "0-3_Ternary_op", "0-3_Ternary_op\0-3_Ternary_op.vcxproj", "{5D63678C-BB23-4E29-B912-6F67CC3C5987}"
EndProject
Project("{8BC9CEB8-8B4A-11D0-8D11-00A0C91BC942}") = "0-6_Text_files", "0-6_Text_files\0-6_Text_files.vcxproj", "{55FC702C-08BB-456B-A5D2-1E90C8609F3B}"
EndProject
Project("{8BC9CEB8-8B4A-11D0-8D11-00A0C91BC942}") = "0-4_Сontinuation", "0-4_Сontinuation\0-4_Сontinuation.vcxproj", "{746283B3-FE25-4D46-99B3-9223CCDEF36F}"
EndProject
Project("{8BC9CEB8-8B4A-11D0-8D11-00A0C91BC942}") = "0-5_O(1)", "0-5_O(1)\0-5_O(1).vcxproj", "{AE741950-062C-4B01-BB17-A7F5FEA5DDBA}"
EndProject
Global
	GlobalSection(SolutionConfigurationPlatforms) = preSolution
		Debug|x64 = Debug|x64
		Debug|x86 = Debug|x86
		Release|x64 = Release|x64
		Release|x86 = Release|x86
	EndGlobalSection
	GlobalSection(ProjectConfigurationPlatforms) = postSolution
		{D5016FF9-FD7A-4C36-B578-C8FC08569556}.Debug|x64.ActiveCfg = Debug|x64
		{D5016FF9-FD7A-4C36-B578-C8FC08569556}.Debug|x64.Build.0 = Debug|x64
		{D5016FF9-FD7A-4C36-B578-C8FC08569556}.Debug|x86.ActiveCfg = Debug|Win32
		{D5016FF9-FD7A-4C36-B578-C8FC08569556}.Debug|x86.Build.0 = Debug|Win32
		{D5016FF9-FD7A-4C36-B578-C8FC08569556}.Release|x64.ActiveCfg = Release|x64
		{D5016FF9-FD7A-4C36-B578-C8FC08569556}.Release|x64.Build.0 = Release|x64
		{D5016FF9-FD7A-4C36-B578-C8FC08569556}.Release|x86.ActiveCfg = Release|Win32
		{D5016FF9-FD7A-4C36-B578-C8FC08569556}.Release|x86.Build.0 = Release|Win32
		{9C271F8C-0C46-4933-B867-977CBD54EDCF}.Debug|x64.ActiveCfg = Debug|x64
		{9C271F8C-0C46-4933-B867-977CBD54EDCF}.Debug|x64.Build.0 = Debug|x64
		{9C271F8C-0C46-4933-B867-977CBD54EDCF}.Debug|x86.ActiveCfg = Debug|Win32
		{9C271F8C-0C46-4933-B867-977CBD54EDCF}.Debug|x86.Build.0 = Debug|Win32
		{9C271F8C-0C46-4933-B867-977CBD54EDCF}.Release|x64.ActiveCfg = Release|x64
		{9C271F8C-0C46-4933-B867-977CBD54EDCF}.Release|x64.Build.0 = Release|x64
		{9C271F8C-0C46-4933-B867-977CBD54EDCF}.Release|x86.ActiveCfg = Release|Win32
		{9C271F8C-0C46-4933-B867-977CBD54EDCF}.Release|x86.Build.0 = Release|Win32
		{5D63678C-BB23-4E29-B912-6F67CC3C5987}.Debug|x64.ActiveCfg = Debug|x64
		{5D63678C-BB23-4E29-B912-6F67CC3C5987}.Debug|x64.Build.0 = Debug|x64
		{5D63678C-BB23-4E29-B912-6F67CC3C5987}.Debug|x86.ActiveCfg = Debug|Win32
		{5D63678C-BB23-4E29-B912-6F67CC3C5987}.Debug|x86.Build.0 = Debug|Win32
		{5D63678C-BB23-4E29-B912-6F67CC3C5987}.Release|x64.ActiveCfg = Release|x64
		{5D63678C-BB23-4E29-B912-6F67CC3C5987}.Release|x64.Build.0 = Release|x64
		{5D63678C-BB23-4E29-B912-6F67CC3C5987}.Release|x86.ActiveCfg = Release|Win32
		{5D63678C-BB23-4E29-B912-6F67CC3C5987}.Release|x86.Build.0 = Release|Win32
		{55FC702C-08BB-456B-A5D2-1E90C8609F3B}.Debug|x64.ActiveCfg = Debug|x64
		{55FC702C-08BB-456B-A5D2-1E90C8609F3B}.Debug|x64.Build.0 = Debug|x64
		{55FC702C-08BB-456B-A5D2-1E90C8609F3B}.Debug|x86.ActiveCfg = Debug|Win32
		{55FC702C-08BB-456B-A5D2-1E90C8609F3B}.Debug|x86.Build.0 = Debug|Win32
		{55FC702C-08BB-456B-A5D2-1E90C8609F3B}.Release|x64.ActiveCfg = Release|x64
		{55FC702C-08BB-456B-A5D2-1E90C8609F3B}.Release|x64.Build.0 = Release|x64
		{55FC702C-08BB-456B-A5D2-1E90C8609F3B}.Release|x86.ActiveCfg = Release|Win32
		{55FC702C-08BB-456B-A5D2-1E90C8609F3B}.Release|x86.Build.0 = Release|Win32
		{746283B3-FE25-4D46-99B3-9223CCDEF36F}.Debug|x64.ActiveCfg = Debug|x64
		{746283B3-FE25-4D46-99B3-9223CCDEF36F}.Debug|x64.Build.0 = Debug|x64
		{746283B3-FE25-4D46-99B3-9223CCDEF36F}.Debug|x86.ActiveCfg = Debug|Win32
		{746283B3-FE25-4D46-99B3-9223CCDEF36F}.Debug|x86.Build.0 = Debug|Win32
		{746283B3-FE25-4D46-99B3-9223CCDEF36F}.Release|x64.ActiveCfg = Release|x64
		{746283B3-FE25-4D46-99B3-9223CCDEF36F}.Release|x64.Build.0 = Release|x64
		{746283B3-FE25-4D46-99B3-9223CCDEF36F}.Release|x86.ActiveCfg = Release|Win32
		{746283B3-FE25-4D46-99B3-9223CCDEF36F}.Release|x86.Build.0 = Release|Win32
		{AE741950-062C-4B01-BB17-A7F5FEA5DDBA}.Debug|x64.ActiveCfg = Debug|x64
		{AE741950-062C-4B01-BB17-A7F5FEA5DDBA}.Debug|x64.Build.0 = Debug|x64
		{AE741950-062C-4B01-BB17-A7F5FEA5DDBA}.Debug|x86.ActiveCfg = Debug|Win32
		{AE741950-062C-4B01-BB17-A7F5FEA5DDBA}.Debug|x86.Build.0 = Debug|Win32
		{AE741950-062C-4B01-BB17-A7F5FEA5DDBA}.Release|x64.ActiveCfg = Release|x64
		{AE741950-062C-4B01-BB17-A7F5FEA5DDBA}.Release|x64.Build.0 = Release|x64
		{AE741950-062C-4B01-BB17-A7F5FEA5DDBA}.Release|x86.ActiveCfg = Release|Win32
		{AE741950-062C-4B01-BB17-A7F5FEA5DDBA}.Release|x86.Build.0 = Release|Win32
	EndGlobalSection
	GlobalSection(SolutionProperties) = preSolution
		HideSolutionNode = FALSE
	EndGlobalSection
	GlobalSection(ExtensibilityGlobals) = postSolution
		SolutionGuid = {DB6F00A4-1F34-4B4C-A1E8-452895557DBE}
	EndGlobalSection
EndGlobal
